
Microsoft Visual Studio Solution File, Format Version 12.00
# Visual Studio Version 17
VisualStudioVersion = 17.12.35527.113 d17.12
MinimumVisualStudioVersion = 10.0.40219.1
Project("{FAE04EC0-301F-11D3-BF4B-00C04F79EFBC}") = "AppTester", "AppTester\AppTester.csproj", "{97405A94-46B3-4942-821D-2B753DC9C7F0}"
	ProjectSection(ProjectDependencies) = postProject
		{AAABA26C-59B2-4F8D-86E3-10479E7007F6} = {AAABA26C-59B2-4F8D-86E3-10479E7007F6}
	EndProjectSection
EndProject
Project("{FAE04EC0-301F-11D3-BF4B-00C04F79EFBC}") = "Core", "Core\Core.csproj", "{AAABA26C-59B2-4F8D-86E3-10479E7007F6}"
EndProject
Global
	GlobalSection(SolutionConfigurationPlatforms) = preSolution
		Debug|Any CPU = Debug|Any CPU
		Release|Any CPU = Release|Any CPU
	EndGlobalSection
	GlobalSection(ProjectConfigurationPlatforms) = postSolution
		{97405A94-46B3-4942-821D-2B753DC9C7F0}.Debug|Any CPU.ActiveCfg = Debug|Any CPU
		{97405A94-46B3-4942-821D-2B753DC9C7F0}.Debug|Any CPU.Build.0 = Debug|Any CPU
		{97405A94-46B3-4942-821D-2B753DC9C7F0}.Release|Any CPU.ActiveCfg = Release|Any CPU
		{97405A94-46B3-4942-821D-2B753DC9C7F0}.Release|Any CPU.Build.0 = Release|Any CPU
		{AAABA26C-59B2-4F8D-86E3-10479E7007F6}.Debug|Any CPU.ActiveCfg = Debug|Any CPU
		{AAABA26C-59B2-4F8D-86E3-10479E7007F6}.Debug|Any CPU.Build.0 = Debug|Any CPU
		{AAABA26C-59B2-4F8D-86E3-10479E7007F6}.Release|Any CPU.ActiveCfg = Release|Any CPU
		{AAABA26C-59B2-4F8D-86E3-10479E7007F6}.Release|Any CPU.Build.0 = Release|Any CPU
	EndGlobalSection
	GlobalSection(SolutionProperties) = preSolution
		HideSolutionNode = FALSE
	EndGlobalSection
EndGlobal
